
Microsoft Visual Studio Solution File, Format Version 12.00
# Visual Studio Version 16
VisualStudioVersion = 16.0.30104.148
MinimumVisualStudioVersion = 10.0.40219.1
Project("{FAE04EC0-301F-11D3-BF4B-00C04F79EFBC}") = "Snake2", "Snake2\Snake2.csproj", "{94152857-97DB-4DE9-95F0-D5194C971105}"
EndProject
Global
	GlobalSection(SolutionConfigurationPlatforms) = preSolution
		Debug|Any CPU = Debug|Any CPU
		Release|Any CPU = Release|Any CPU
	EndGlobalSection
	GlobalSection(ProjectConfigurationPlatforms) = postSolution
		{94152857-97DB-4DE9-95F0-D5194C971105}.Debug|Any CPU.ActiveCfg = Debug|Any CPU
		{94152857-97DB-4DE9-95F0-D5194C971105}.Debug|Any CPU.Build.0 = Debug|Any CPU
		{94152857-97DB-4DE9-95F0-D5194C971105}.Release|Any CPU.ActiveCfg = Release|Any CPU
		{94152857-97DB-4DE9-95F0-D5194C971105}.Release|Any CPU.Build.0 = Release|Any CPU
	EndGlobalSection
	GlobalSection(SolutionProperties) = preSolution
		HideSolutionNode = FALSE
	EndGlobalSection
	GlobalSection(ExtensibilityGlobals) = postSolution
		SolutionGuid = {96531E66-B1AA-4B28-9796-C4C03BE09859}
	EndGlobalSection
EndGlobal
